
Microsoft Visual Studio Solution File, Format Version 12.00
# Visual Studio 15
VisualStudioVersion = 15.0.28307.421
MinimumVisualStudioVersion = 10.0.40219.1
Project("{8BC9CEB8-8B4A-11D0-8D11-00A0C91BC942}") = "Agent", "Agent\Agent.vcxproj", "{0E840CD4-937A-45BE-ACAA-FF2B61538883}"
EndProject
Global
	GlobalSection(SolutionConfigurationPlatforms) = preSolution
		Debug|x64 = Debug|x64
		Debug|x86 = Debug|x86
		Release|x64 = Release|x64
		Release|x86 = Release|x86
	EndGlobalSection
	GlobalSection(ProjectConfigurationPlatforms) = postSolution
		{0E840CD4-937A-45BE-ACAA-FF2B61538883}.Debug|x64.ActiveCfg = Debug|x64
		{0E840CD4-937A-45BE-ACAA-FF2B61538883}.Debug|x64.Build.0 = Debug|x64
		{0E840CD4-937A-45BE-ACAA-FF2B61538883}.Debug|x86.ActiveCfg = Debug|Win32
		{0E840CD4-937A-45BE-ACAA-FF2B61538883}.Debug|x86.Build.0 = Debug|Win32
		{0E840CD4-937A-45BE-ACAA-FF2B61538883}.Release|x64.ActiveCfg = Release|x64
		{0E840CD4-937A-45BE-ACAA-FF2B61538883}.Release|x64.Build.0 = Release|x64
		{0E840CD4-937A-45BE-ACAA-FF2B61538883}.Release|x86.ActiveCfg = Release|Win32
		{0E840CD4-937A-45BE-ACAA-FF2B61538883}.Release|x86.Build.0 = Release|Win32
	EndGlobalSection
	GlobalSection(SolutionProperties) = preSolution
		HideSolutionNode = FALSE
	EndGlobalSection
	GlobalSection(ExtensibilityGlobals) = postSolution
		SolutionGuid = {16979CE4-C2CD-4317-9023-7B8E4A6C946C}
	EndGlobalSection
EndGlobal
